[root]
name = "game_service"
version = "0.1.0"
dependencies = [
 "epoll 0.1.0",
 "game 0.1.0",
 "protocol 0.1.0",
]

[[package]]
name = "cgmath"
version = "0.0.1"
source = "git+https://github.com/bjz/cgmath-rs.git#23f14b701b43a4a1cf5e0d502737429b16ba77c9"

[[package]]
name = "epoll"
version = "0.1.0"

[[package]]
name = "game"
version = "0.1.0"
dependencies = [
 "cgmath 0.0.1 (git+https://github.com/bjz/cgmath-rs.git)",
 "net 0.1.0",
 "rustecs 0.1.0 (git+https://github.com/hannobraun/rustecs.git)",
 "rustecs_macros 0.1.0 (git+https://github.com/hannobraun/rustecs.git)",
]

[[package]]
name = "net"
version = "0.1.0"

[[package]]
name = "protocol"
version = "0.1.0"
dependencies = [
 "cgmath 0.0.1 (git+https://github.com/bjz/cgmath-rs.git)",
]

[[package]]
name = "rustecs"
version = "0.1.0"
source = "git+https://github.com/hannobraun/rustecs.git#7602d924989a0c75c4cacec44afab0764da347d0"
dependencies = [
 "rustecs_macros 0.1.0 (git+https://github.com/hannobraun/rustecs.git)",
]

[[package]]
name = "rustecs_macros"
version = "0.1.0"
source = "git+https://github.com/hannobraun/rustecs.git#7602d924989a0c75c4cacec44afab0764da347d0"

