[root]
name = "test-suite"
version = "0.1.0"
dependencies = [
 "rustecs 0.1.0",
 "rustecs_macros 0.1.0",
 "vndf 0.1.0",
]

[[package]]
name = "epoll"
version = "0.1.0"

[[package]]
name = "freetype-rs"
version = "0.0.0"
source = "git+https://github.com/PistonDevelopers/freetype-rs.git#15ca57d5e1a67a3da746d71efb05062d870fe5de"

[[package]]
name = "gl"
version = "0.0.1"
dependencies = [
 "gl_generator 0.0.1",
]

[[package]]
name = "gl_generator"
version = "0.0.1"
dependencies = [
 "rust-xml 0.1.0 (git+https://github.com/netvl/rust-xml#bf50add39f2419742f624676bed8c93307bd863d)",
]

[[package]]
name = "glfw"
version = "0.0.1"
source = "git+https://github.com/bjz/glfw-rs.git#c2a580e1a27d5e51b879c5b3f57b906b89309d43"

[[package]]
name = "net"
version = "0.1.0"

[[package]]
name = "physics"
version = "0.1.0"

[[package]]
name = "rust-xml"
version = "0.1.0"
source = "git+https://github.com/netvl/rust-xml#bf50add39f2419742f624676bed8c93307bd863d"

[[package]]
name = "rustecs"
version = "0.1.0"

[[package]]
name = "rustecs_macros"
version = "0.1.0"

[[package]]
name = "stb_image"
version = "0.0.1"
source = "git+https://github.com/hannobraun/rust-stb-image.git#f8c9dffdba1f0f0e74251bdfa0c61e02550f54d4"

[[package]]
name = "vndf"
version = "0.1.0"
dependencies = [
 "epoll 0.1.0",
 "freetype-rs 0.0.0 (git+https://github.com/PistonDevelopers/freetype-rs.git#15ca57d5e1a67a3da746d71efb05062d870fe5de)",
 "gl 0.0.1",
 "glfw 0.0.1 (git+https://github.com/bjz/glfw-rs.git#c2a580e1a27d5e51b879c5b3f57b906b89309d43)",
 "net 0.1.0",
 "physics 0.1.0",
 "rustecs 0.1.0",
 "rustecs_macros 0.1.0",
 "stb_image 0.0.1 (git+https://github.com/hannobraun/rust-stb-image.git#f8c9dffdba1f0f0e74251bdfa0c61e02550f54d4)",
]

