[root]
name = "client_ng"
version = "0.0.1"
dependencies = [
 "acpe 0.0.1 (git+https://github.com/hannobraun/acpe.git)",
 "common 0.0.1",
 "rustc-serialize 0.2.7 (registry+https://github.com/rust-lang/crates.io-index)",
]

[[package]]
name = "acpe"
version = "0.0.1"
source = "git+https://github.com/hannobraun/acpe.git#3b06df2ac2d5823b5d7bc489d1d112ceed474697"
dependencies = [
 "rustc-serialize 0.2.7 (registry+https://github.com/rust-lang/crates.io-index)",
]

[[package]]
name = "common"
version = "0.0.1"
dependencies = [
 "acpe 0.0.1 (git+https://github.com/hannobraun/acpe.git)",
 "rustc-serialize 0.2.7 (registry+https://github.com/rust-lang/crates.io-index)",
]

[[package]]
name = "rustc-serialize"
version = "0.2.7"
source = "registry+https://github.com/rust-lang/crates.io-index"

