[root]
name = "test_suite"
version = "0.1.0"
dependencies = [
 "acceptance 0.1.0",
 "client 0.1.0",
 "game_service 0.1.0",
 "test_tools 0.1.0",
]

[[package]]
name = "acceptance"
version = "0.1.0"

[[package]]
name = "cgmath"
version = "0.0.1"
source = "git+https://github.com/bjz/cgmath-rs.git#23f14b701b43a4a1cf5e0d502737429b16ba77c9"

[[package]]
name = "client"
version = "0.1.0"
dependencies = [
 "game 0.1.0",
 "platform 0.1.0",
 "platform_cli 0.1.0",
 "platform_desktop 0.1.0",
 "protocol 0.1.0",
 "time 0.0.3 (registry+https://github.com/rust-lang/crates.io-index)",
]

[[package]]
name = "client_ng"
version = "0.0.1"
dependencies = [
 "protocol_ng 0.0.1",
]

[[package]]
name = "device"
version = "0.1.0"
source = "git+https://github.com/gfx-rs/gfx-rs#4ef8c1dd8012e0df9ffaec2f6e27ebd9d12b3f3e"
dependencies = [
 "gfx_gl 0.1.0 (git+https://github.com/gfx-rs/gfx_gl.git)",
]

[[package]]
name = "epoll"
version = "0.1.0"

[[package]]
name = "freetype-rs"
version = "0.0.0"
source = "git+https://github.com/PistonDevelopers/freetype-rs.git#3f014f4a35addd0f9b90860b7a69e115c3a43d33"

[[package]]
name = "game"
version = "0.1.0"
dependencies = [
 "cgmath 0.0.1 (git+https://github.com/bjz/cgmath-rs.git)",
 "net 0.1.0",
 "rustecs 0.1.0 (git+https://github.com/hannobraun/rustecs.git)",
 "rustecs_macros 0.1.0 (git+https://github.com/hannobraun/rustecs.git)",
]

[[package]]
name = "game_service"
version = "0.1.0"
dependencies = [
 "epoll 0.1.0",
 "game 0.1.0",
 "protocol 0.1.0",
]

[[package]]
name = "gcc"
version = "0.0.2"
source = "registry+https://github.com/rust-lang/crates.io-index"

[[package]]
name = "gfx"
version = "0.1.0"
source = "git+https://github.com/gfx-rs/gfx-rs#4ef8c1dd8012e0df9ffaec2f6e27ebd9d12b3f3e"
dependencies = [
 "device 0.1.0 (git+https://github.com/gfx-rs/gfx-rs)",
 "gfx_macros 0.1.0 (git+https://github.com/gfx-rs/gfx-rs)",
 "render 0.1.0 (git+https://github.com/gfx-rs/gfx-rs)",
]

[[package]]
name = "gfx_gl"
version = "0.1.0"
source = "git+https://github.com/gfx-rs/gfx_gl.git#ed681503da2e7ed9343003e78af4767e8e4e33a8"
dependencies = [
 "gl_generator 0.0.1 (git+https://github.com/bjz/gl-rs.git)",
]

[[package]]
name = "gfx_macros"
version = "0.1.0"
source = "git+https://github.com/gfx-rs/gfx-rs#4ef8c1dd8012e0df9ffaec2f6e27ebd9d12b3f3e"

[[package]]
name = "gl_common"
version = "0.0.1"
source = "git+https://github.com/bjz/gl-rs.git#591e56b7cfa254664985f1a2a032134c0fd69155"

[[package]]
name = "gl_generator"
version = "0.0.1"
source = "git+https://github.com/bjz/gl-rs.git#591e56b7cfa254664985f1a2a032134c0fd69155"
dependencies = [
 "gl_common 0.0.1 (git+https://github.com/bjz/gl-rs.git)",
 "khronos_api 0.0.2 (git+https://github.com/bjz/gl-rs.git)",
 "rust-xml 0.1.2-pre (git+https://github.com/netvl/rust-xml)",
]

[[package]]
name = "glfw"
version = "0.0.1"
source = "git+https://github.com/bjz/glfw-rs.git#599d595af274b5a18b6d31ecafe61c64d38452a0"
dependencies = [
 "glfw-sys 3.0.4 (git+https://github.com/servo/glfw?ref=cargo-3.0.4)",
 "semver 0.1.3 (git+https://github.com/rust-lang/semver)",
]

[[package]]
name = "glfw-sys"
version = "3.0.4"
source = "git+https://github.com/servo/glfw?ref=cargo-3.0.4#765dace7e4125b87c764f5ac0e7a80eae5c550b2"

[[package]]
name = "khronos_api"
version = "0.0.2"
source = "git+https://github.com/bjz/gl-rs.git#591e56b7cfa254664985f1a2a032134c0fd69155"

[[package]]
name = "net"
version = "0.1.0"

[[package]]
name = "platform"
version = "0.1.0"
dependencies = [
 "game 0.1.0",
]

[[package]]
name = "platform_cli"
version = "0.1.0"
dependencies = [
 "platform 0.1.0",
]

[[package]]
name = "platform_desktop"
version = "0.1.0"
dependencies = [
 "cgmath 0.0.1 (git+https://github.com/bjz/cgmath-rs.git)",
 "freetype-rs 0.0.0 (git+https://github.com/PistonDevelopers/freetype-rs.git)",
 "gfx 0.1.0 (git+https://github.com/gfx-rs/gfx-rs)",
 "glfw 0.0.1 (git+https://github.com/bjz/glfw-rs.git)",
 "platform 0.1.0",
 "stb_image 0.1.0 (git+https://github.com/csherratt/rust-stb-image.git)",
]

[[package]]
name = "protocol"
version = "0.1.0"
dependencies = [
 "cgmath 0.0.1 (git+https://github.com/bjz/cgmath-rs.git)",
]

[[package]]
name = "protocol_ng"
version = "0.0.1"

[[package]]
name = "render"
version = "0.1.0"
source = "git+https://github.com/gfx-rs/gfx-rs#4ef8c1dd8012e0df9ffaec2f6e27ebd9d12b3f3e"
dependencies = [
 "device 0.1.0 (git+https://github.com/gfx-rs/gfx-rs)",
]

[[package]]
name = "rust-xml"
version = "0.1.2-pre"
source = "git+https://github.com/netvl/rust-xml#2d9df3267aeaa4d442e1e19a4dfed733cb1397ed"

[[package]]
name = "rustecs"
version = "0.1.0"
source = "git+https://github.com/hannobraun/rustecs.git#7602d924989a0c75c4cacec44afab0764da347d0"
dependencies = [
 "rustecs_macros 0.1.0 (git+https://github.com/hannobraun/rustecs.git)",
]

[[package]]
name = "rustecs_macros"
version = "0.1.0"
source = "git+https://github.com/hannobraun/rustecs.git#7602d924989a0c75c4cacec44afab0764da347d0"

[[package]]
name = "semver"
version = "0.1.3"
source = "git+https://github.com/rust-lang/semver#29212953f839337c672d185dde74e14b5dfb1f46"

[[package]]
name = "stb_image"
version = "0.1.0"
source = "git+https://github.com/csherratt/rust-stb-image.git#3ae2e79654b81db958a9ea59851ca40b1dbcf0fd"

[[package]]
name = "test_tools"
version = "0.1.0"
dependencies = [
 "acceptance 0.1.0",
 "client_ng 0.0.1",
 "game 0.1.0",
 "game_service 0.1.0",
 "platform 0.1.0",
 "protocol 0.1.0",
 "time 0.0.3 (registry+https://github.com/rust-lang/crates.io-index)",
]

[[package]]
name = "time"
version = "0.0.3"
source = "registry+https://github.com/rust-lang/crates.io-index"
dependencies = [
 "gcc 0.0.2 (registry+https://github.com/rust-lang/crates.io-index)",
]

