[root]
name = "vndf"
version = "0.1.0"
dependencies = [
 "acceptance 0.1.0",
 "client 0.1.0",
 "game_service 0.1.0",
 "test_tools 0.1.0",
]

[[package]]
name = "acceptance"
version = "0.1.0"

[[package]]
name = "cgmath"
version = "0.0.1"
source = "git+https://github.com/bjz/cgmath-rs.git#2fe17066b21949b03802a4af96aa7e5e4303bffc"

[[package]]
name = "client"
version = "0.1.0"
dependencies = [
 "game 0.1.0",
 "platform 0.1.0",
 "platform_cli 0.1.0",
 "platform_desktop 0.1.0",
 "protocol 0.1.0",
]

[[package]]
name = "device"
version = "0.1.0"
source = "git+https://github.com/gfx-rs/gfx-rs#8c30d07565fcde68a95389ab6baf0e49e0b30c7d"
dependencies = [
 "gfx_gl 0.1.0 (git+https://github.com/gfx-rs/gfx_gl.git)",
]

[[package]]
name = "epoll"
version = "0.1.0"

[[package]]
name = "freetype-rs"
version = "0.0.0"
source = "git+https://github.com/PistonDevelopers/freetype-rs.git#befab85963d7ddea3fc1c96e7741f80deb8c109e"

[[package]]
name = "game"
version = "0.1.0"
dependencies = [
 "cgmath 0.0.1 (git+https://github.com/bjz/cgmath-rs.git)",
 "net 0.1.0",
 "rustecs 0.1.0 (git+https://github.com/hannobraun/rustecs.git)",
 "rustecs_macros 0.1.0 (git+https://github.com/hannobraun/rustecs.git)",
]

[[package]]
name = "game_service"
version = "0.1.0"
dependencies = [
 "epoll 0.1.0",
 "game 0.1.0",
 "protocol 0.1.0",
]

[[package]]
name = "gfx"
version = "0.1.0"
source = "git+https://github.com/gfx-rs/gfx-rs#8c30d07565fcde68a95389ab6baf0e49e0b30c7d"
dependencies = [
 "device 0.1.0 (git+https://github.com/gfx-rs/gfx-rs)",
 "gfx_macros 0.1.0 (git+https://github.com/gfx-rs/gfx-rs)",
 "render 0.1.0 (git+https://github.com/gfx-rs/gfx-rs)",
]

[[package]]
name = "gfx_gl"
version = "0.1.0"
source = "git+https://github.com/gfx-rs/gfx_gl.git#ed681503da2e7ed9343003e78af4767e8e4e33a8"
dependencies = [
 "gl_generator 0.0.1 (git+https://github.com/bjz/gl-rs.git)",
]

[[package]]
name = "gfx_macros"
version = "0.1.0"
source = "git+https://github.com/gfx-rs/gfx-rs#8c30d07565fcde68a95389ab6baf0e49e0b30c7d"

[[package]]
name = "gl_common"
version = "0.0.1"
source = "git+https://github.com/bjz/gl-rs.git#218f14c94d79331fc5487f8564dc71f7ec4a22a8"

[[package]]
name = "gl_generator"
version = "0.0.1"
source = "git+https://github.com/bjz/gl-rs.git#218f14c94d79331fc5487f8564dc71f7ec4a22a8"
dependencies = [
 "gl_common 0.0.1 (git+https://github.com/bjz/gl-rs.git)",
 "khronos_api 0.0.2 (git+https://github.com/bjz/gl-rs.git)",
 "rust-xml 0.1.0 (git+https://github.com/netvl/rust-xml)",
]

[[package]]
name = "glfw"
version = "0.0.1"
source = "git+https://github.com/bjz/glfw-rs.git#6afb8eadf23e2ae5925e70d364c196ceab653edb"
dependencies = [
 "glfw-sys 3.0.4 (git+https://github.com/servo/glfw?ref=cargo-3.0.4)",
 "semver 0.1.0 (git+https://github.com/rust-lang/semver)",
]

[[package]]
name = "glfw-sys"
version = "3.0.4"
source = "git+https://github.com/servo/glfw?ref=cargo-3.0.4#765dace7e4125b87c764f5ac0e7a80eae5c550b2"

[[package]]
name = "khronos_api"
version = "0.0.2"
source = "git+https://github.com/bjz/gl-rs.git#218f14c94d79331fc5487f8564dc71f7ec4a22a8"

[[package]]
name = "net"
version = "0.1.0"

[[package]]
name = "platform"
version = "0.1.0"
dependencies = [
 "game 0.1.0",
]

[[package]]
name = "platform_cli"
version = "0.1.0"
dependencies = [
 "platform 0.1.0",
]

[[package]]
name = "platform_desktop"
version = "0.1.0"
dependencies = [
 "cgmath 0.0.1 (git+https://github.com/bjz/cgmath-rs.git)",
 "freetype-rs 0.0.0 (git+https://github.com/PistonDevelopers/freetype-rs.git)",
 "gfx 0.1.0 (git+https://github.com/gfx-rs/gfx-rs)",
 "glfw 0.0.1 (git+https://github.com/bjz/glfw-rs.git)",
 "platform 0.1.0",
 "stb_image 0.1.0 (git+https://github.com/servo/rust-stb-image.git)",
]

[[package]]
name = "protocol"
version = "0.1.0"
dependencies = [
 "cgmath 0.0.1 (git+https://github.com/bjz/cgmath-rs.git)",
]

[[package]]
name = "render"
version = "0.1.0"
source = "git+https://github.com/gfx-rs/gfx-rs#8c30d07565fcde68a95389ab6baf0e49e0b30c7d"
dependencies = [
 "device 0.1.0 (git+https://github.com/gfx-rs/gfx-rs)",
]

[[package]]
name = "rust-xml"
version = "0.1.0"
source = "git+https://github.com/netvl/rust-xml#d6c57380a300b94f7e7881979dbe5459dbe4ca06"

[[package]]
name = "rustecs"
version = "0.1.0"
source = "git+https://github.com/hannobraun/rustecs.git#cd844f90b3073626e4252ff46781bed6ab0b337e"
dependencies = [
 "rustecs_macros 0.1.0 (git+https://github.com/hannobraun/rustecs.git)",
]

[[package]]
name = "rustecs_macros"
version = "0.1.0"
source = "git+https://github.com/hannobraun/rustecs.git#cd844f90b3073626e4252ff46781bed6ab0b337e"

[[package]]
name = "semver"
version = "0.1.0"
source = "git+https://github.com/rust-lang/semver#7dca047a9cd40e929a4545b37a1917daff82f156"

[[package]]
name = "stb_image"
version = "0.1.0"
source = "git+https://github.com/servo/rust-stb-image.git#74488fef4740acf287ff5dc248d65cc74033467a"

[[package]]
name = "test_tools"
version = "0.1.0"
dependencies = [
 "acceptance 0.1.0",
 "game 0.1.0",
 "game_service 0.1.0",
 "platform 0.1.0",
 "protocol 0.1.0",
]

