[root]
name = "test_suite_ng"
version = "0.0.1"
dependencies = [
 "acceptance 0.1.0",
 "acpe 0.0.1 (git+https://github.com/hannobraun/acpe.git)",
 "client_ng 0.0.1",
 "test_tools_ng 0.0.1",
 "time 0.1.12 (registry+https://github.com/rust-lang/crates.io-index)",
]

[[package]]
name = "acceptance"
version = "0.1.0"

[[package]]
name = "acpe"
version = "0.0.1"
source = "git+https://github.com/hannobraun/acpe.git#3b06df2ac2d5823b5d7bc489d1d112ceed474697"
dependencies = [
 "rustc-serialize 0.2.7 (registry+https://github.com/rust-lang/crates.io-index)",
]

[[package]]
name = "client_ng"
version = "0.0.1"
dependencies = [
 "acpe 0.0.1 (git+https://github.com/hannobraun/acpe.git)",
 "common 0.0.1",
 "rustc-serialize 0.2.7 (registry+https://github.com/rust-lang/crates.io-index)",
]

[[package]]
name = "common"
version = "0.0.1"
dependencies = [
 "acpe 0.0.1 (git+https://github.com/hannobraun/acpe.git)",
 "rustc-serialize 0.2.7 (registry+https://github.com/rust-lang/crates.io-index)",
]

[[package]]
name = "game_service_ng"
version = "0.0.1"
dependencies = [
 "acpe 0.0.1 (git+https://github.com/hannobraun/acpe.git)",
 "common 0.0.1",
 "time 0.1.12 (registry+https://github.com/rust-lang/crates.io-index)",
]

[[package]]
name = "gcc"
version = "0.1.4"
source = "registry+https://github.com/rust-lang/crates.io-index"

[[package]]
name = "rustc-serialize"
version = "0.2.7"
source = "registry+https://github.com/rust-lang/crates.io-index"

[[package]]
name = "test_tools_ng"
version = "0.0.1"
dependencies = [
 "acceptance 0.1.0",
 "acpe 0.0.1 (git+https://github.com/hannobraun/acpe.git)",
 "client_ng 0.0.1",
 "game_service_ng 0.0.1",
 "time 0.1.12 (registry+https://github.com/rust-lang/crates.io-index)",
]

[[package]]
name = "time"
version = "0.1.12"
source = "registry+https://github.com/rust-lang/crates.io-index"
dependencies = [
 "gcc 0.1.4 (registry+https://github.com/rust-lang/crates.io-index)",
]

