[root]
name = "vndf"
version = "0.1.0"
dependencies = [
 "epoll 0.1.0",
 "net 0.1.0",
 "physics 0.1.0",
 "platform 0.1.0",
 "platform_cli 0.1.0",
 "platform_desktop 0.1.0",
 "rustecs 0.1.0",
 "rustecs_macros 0.1.0",
]

[[package]]
name = "epoll"
version = "0.1.0"

[[package]]
name = "freetype-rs"
version = "0.0.0"
source = "git+https://github.com/PistonDevelopers/freetype-rs.git#5313a1d112ce517039c6120f714210f1a3e21542"

[[package]]
name = "gl"
version = "0.0.1"
dependencies = [
 "gl_generator 0.0.1",
]

[[package]]
name = "gl_generator"
version = "0.0.1"
dependencies = [
 "khronos_api 0.0.1",
 "rust-xml 0.1.0 (git+https://github.com/netvl/rust-xml#418a3776922e545a7c33b1f68d9c8c513dc5c80b)",
]

[[package]]
name = "glfw"
version = "0.0.1"
source = "git+https://github.com/bjz/glfw-rs.git#72f97a8b04e715c4551f922272a14514cf6c7350"
dependencies = [
 "link_glfw 0.1.0 (git+https://github.com/bjz/glfw-rs.git#72f97a8b04e715c4551f922272a14514cf6c7350)",
 "semver 0.0.1 (git+https://github.com/rust-lang/semver#df163f7b22686493b037eee1f1f9d1a2742f9bbe)",
]

[[package]]
name = "khronos_api"
version = "0.0.1"

[[package]]
name = "link_glfw"
version = "0.1.0"
source = "git+https://github.com/bjz/glfw-rs.git#72f97a8b04e715c4551f922272a14514cf6c7350"

[[package]]
name = "net"
version = "0.1.0"

[[package]]
name = "physics"
version = "0.1.0"

[[package]]
name = "platform"
version = "0.1.0"
dependencies = [
 "physics 0.1.0",
]

[[package]]
name = "platform_cli"
version = "0.1.0"
dependencies = [
 "platform 0.1.0",
]

[[package]]
name = "platform_desktop"
version = "0.1.0"
dependencies = [
 "freetype-rs 0.0.0 (git+https://github.com/PistonDevelopers/freetype-rs.git#5313a1d112ce517039c6120f714210f1a3e21542)",
 "gl 0.0.1",
 "glfw 0.0.1 (git+https://github.com/bjz/glfw-rs.git#72f97a8b04e715c4551f922272a14514cf6c7350)",
 "platform 0.1.0",
 "stb_image 0.1.0 (git+https://github.com/servo/rust-stb-image.git#f5022de4ad6bb474a03493d1f274dde9b0f1af0c)",
]

[[package]]
name = "rust-xml"
version = "0.1.0"
source = "git+https://github.com/netvl/rust-xml#418a3776922e545a7c33b1f68d9c8c513dc5c80b"

[[package]]
name = "rustecs"
version = "0.1.0"

[[package]]
name = "rustecs_macros"
version = "0.1.0"

[[package]]
name = "semver"
version = "0.0.1"
source = "git+https://github.com/rust-lang/semver#df163f7b22686493b037eee1f1f9d1a2742f9bbe"

[[package]]
name = "stb_image"
version = "0.1.0"
source = "git+https://github.com/servo/rust-stb-image.git#f5022de4ad6bb474a03493d1f274dde9b0f1af0c"

