[root]
name = "vndf"
version = "0.1.0"
dependencies = [
 "client 0.1.0",
 "game_service 0.1.0",
 "test_infra 0.1.0",
 "test_tools 0.1.0",
]

[[package]]
name = "cgmath"
version = "0.0.1"
source = "git+https://github.com/bjz/cgmath-rs.git#9ade4ce92d639d2a67c0932816ff26f9ec516616"

[[package]]
name = "client"
version = "0.1.0"
dependencies = [
 "game 0.1.0",
 "platform 0.1.0",
 "platform_cli 0.1.0",
 "platform_desktop 0.1.0",
 "protocol 0.1.0",
]

[[package]]
name = "device"
version = "0.1.0"
source = "git+https://github.com/gfx-rs/gfx-rs#90f6780c9e26cb5c403aea98924e843978381486"
dependencies = [
 "gfx_gl 0.1.0 (git+https://github.com/gfx-rs/gfx_gl.git#52bb510e9e76cd3c0aed7b6aa678c03059d630a6)",
]

[[package]]
name = "epoll"
version = "0.1.0"

[[package]]
name = "freetype-rs"
version = "0.0.0"
source = "git+https://github.com/PistonDevelopers/freetype-rs.git#5313a1d112ce517039c6120f714210f1a3e21542"

[[package]]
name = "game"
version = "0.1.0"
dependencies = [
 "net 0.1.0",
 "physics 0.1.0",
 "rustecs 0.1.0",
 "rustecs_macros 0.1.0",
]

[[package]]
name = "game_service"
version = "0.1.0"
dependencies = [
 "epoll 0.1.0",
 "game 0.1.0",
 "protocol 0.1.0",
]

[[package]]
name = "gfx"
version = "0.1.0"
source = "git+https://github.com/gfx-rs/gfx-rs#90f6780c9e26cb5c403aea98924e843978381486"
dependencies = [
 "device 0.1.0 (git+https://github.com/gfx-rs/gfx-rs#90f6780c9e26cb5c403aea98924e843978381486)",
 "gfx_macros 0.1.0 (git+https://github.com/gfx-rs/gfx-rs#90f6780c9e26cb5c403aea98924e843978381486)",
 "render 0.1.0 (git+https://github.com/gfx-rs/gfx-rs#90f6780c9e26cb5c403aea98924e843978381486)",
]

[[package]]
name = "gfx_gl"
version = "0.1.0"
source = "git+https://github.com/gfx-rs/gfx_gl.git#52bb510e9e76cd3c0aed7b6aa678c03059d630a6"
dependencies = [
 "gl_generator 0.0.1 (git+https://github.com/bjz/gl-rs.git#e96c67449fe522b2b8e71182121f7db6d8b1dcce)",
]

[[package]]
name = "gfx_macros"
version = "0.1.0"
source = "git+https://github.com/gfx-rs/gfx-rs#90f6780c9e26cb5c403aea98924e843978381486"

[[package]]
name = "gl_generator"
version = "0.0.1"
source = "git+https://github.com/bjz/gl-rs.git#e96c67449fe522b2b8e71182121f7db6d8b1dcce"
dependencies = [
 "khronos_api 0.0.1 (git+https://github.com/bjz/gl-rs.git#e96c67449fe522b2b8e71182121f7db6d8b1dcce)",
 "rust-xml 0.1.0 (git+https://github.com/netvl/rust-xml#418a3776922e545a7c33b1f68d9c8c513dc5c80b)",
]

[[package]]
name = "glfw"
version = "0.0.1"
source = "git+https://github.com/bjz/glfw-rs.git#409a0601a9ca70e6ae7a63e1d0a03904318c2548"
dependencies = [
 "glfw-sys 3.0.4 (git+https://github.com/servo/glfw?ref=cargo-3.0.4#65a2b4721276589d9de24f6a9999a2db37286cae)",
 "semver 0.0.1 (git+https://github.com/rust-lang/semver#d04583a173395b76c1eaa15cc630a5f6f8f0ae10)",
]

[[package]]
name = "glfw-sys"
version = "3.0.4"
source = "git+https://github.com/servo/glfw?ref=cargo-3.0.4#65a2b4721276589d9de24f6a9999a2db37286cae"

[[package]]
name = "khronos_api"
version = "0.0.1"
source = "git+https://github.com/bjz/gl-rs.git#e96c67449fe522b2b8e71182121f7db6d8b1dcce"

[[package]]
name = "net"
version = "0.1.0"

[[package]]
name = "physics"
version = "0.1.0"
dependencies = [
 "cgmath 0.0.1 (git+https://github.com/bjz/cgmath-rs.git#9ade4ce92d639d2a67c0932816ff26f9ec516616)",
]

[[package]]
name = "platform"
version = "0.1.0"
dependencies = [
 "physics 0.1.0",
]

[[package]]
name = "platform_cli"
version = "0.1.0"
dependencies = [
 "platform 0.1.0",
]

[[package]]
name = "platform_desktop"
version = "0.1.0"
dependencies = [
 "cgmath 0.0.1 (git+https://github.com/bjz/cgmath-rs.git#9ade4ce92d639d2a67c0932816ff26f9ec516616)",
 "freetype-rs 0.0.0 (git+https://github.com/PistonDevelopers/freetype-rs.git#5313a1d112ce517039c6120f714210f1a3e21542)",
 "gfx 0.1.0 (git+https://github.com/gfx-rs/gfx-rs#90f6780c9e26cb5c403aea98924e843978381486)",
 "glfw 0.0.1 (git+https://github.com/bjz/glfw-rs.git#409a0601a9ca70e6ae7a63e1d0a03904318c2548)",
 "platform 0.1.0",
 "stb_image 0.1.0 (git+https://github.com/servo/rust-stb-image.git#f5022de4ad6bb474a03493d1f274dde9b0f1af0c)",
]

[[package]]
name = "protocol"
version = "0.1.0"
dependencies = [
 "physics 0.1.0",
]

[[package]]
name = "render"
version = "0.1.0"
source = "git+https://github.com/gfx-rs/gfx-rs#90f6780c9e26cb5c403aea98924e843978381486"
dependencies = [
 "device 0.1.0 (git+https://github.com/gfx-rs/gfx-rs#90f6780c9e26cb5c403aea98924e843978381486)",
]

[[package]]
name = "rust-xml"
version = "0.1.0"
source = "git+https://github.com/netvl/rust-xml#418a3776922e545a7c33b1f68d9c8c513dc5c80b"

[[package]]
name = "rustecs"
version = "0.1.0"

[[package]]
name = "rustecs_macros"
version = "0.1.0"

[[package]]
name = "semver"
version = "0.0.1"
source = "git+https://github.com/rust-lang/semver#d04583a173395b76c1eaa15cc630a5f6f8f0ae10"

[[package]]
name = "stb_image"
version = "0.1.0"
source = "git+https://github.com/servo/rust-stb-image.git#f5022de4ad6bb474a03493d1f274dde9b0f1af0c"

[[package]]
name = "test_infra"
version = "0.1.0"

[[package]]
name = "test_tools"
version = "0.1.0"
dependencies = [
 "game 0.1.0",
 "platform 0.1.0",
 "protocol 0.1.0",
 "test_infra 0.1.0",
]

