[root]
name = "vndf"
version = "0.1.0"
dependencies = [
 "client 0.1.0",
 "game_service 0.1.0",
 "test_infra 0.1.0",
 "test_tools 0.1.0",
]

[[package]]
name = "cgmath"
version = "0.0.1"
source = "git+https://github.com/bjz/cgmath-rs.git#d2053a8366b65606b57150757f9bcd6531e82f18"

[[package]]
name = "client"
version = "0.1.0"
dependencies = [
 "game 0.1.0",
 "platform 0.1.0",
 "platform_cli 0.1.0",
 "platform_desktop 0.1.0",
 "protocol 0.1.0",
]

[[package]]
name = "device"
version = "0.1.0"
source = "git+https://github.com/gfx-rs/gfx-rs#eb7a628a8f189cc06681dddd205d3bd04dc88a84"
dependencies = [
 "gfx_gl 0.1.0 (git+https://github.com/gfx-rs/gfx_gl.git#52bb510e9e76cd3c0aed7b6aa678c03059d630a6)",
]

[[package]]
name = "epoll"
version = "0.1.0"

[[package]]
name = "freetype-rs"
version = "0.0.0"
source = "git+https://github.com/PistonDevelopers/freetype-rs.git#5313a1d112ce517039c6120f714210f1a3e21542"

[[package]]
name = "game"
version = "0.1.0"
dependencies = [
 "net 0.1.0",
 "rustecs 0.1.0 (git+https://github.com/hannobraun/rustecs.git#8264f95fbc4f9275b910ee48732279b4925480cb)",
 "rustecs_macros 0.1.0 (git+https://github.com/hannobraun/rustecs.git#8264f95fbc4f9275b910ee48732279b4925480cb)",
]

[[package]]
name = "game_service"
version = "0.1.0"
dependencies = [
 "epoll 0.1.0",
 "game 0.1.0",
 "protocol 0.1.0",
]

[[package]]
name = "gfx"
version = "0.1.0"
source = "git+https://github.com/gfx-rs/gfx-rs#eb7a628a8f189cc06681dddd205d3bd04dc88a84"
dependencies = [
 "device 0.1.0 (git+https://github.com/gfx-rs/gfx-rs#eb7a628a8f189cc06681dddd205d3bd04dc88a84)",
 "gfx_macros 0.1.0 (git+https://github.com/gfx-rs/gfx-rs#eb7a628a8f189cc06681dddd205d3bd04dc88a84)",
 "render 0.1.0 (git+https://github.com/gfx-rs/gfx-rs#eb7a628a8f189cc06681dddd205d3bd04dc88a84)",
]

[[package]]
name = "gfx_gl"
version = "0.1.0"
source = "git+https://github.com/gfx-rs/gfx_gl.git#52bb510e9e76cd3c0aed7b6aa678c03059d630a6"
dependencies = [
 "gl_generator 0.0.1 (git+https://github.com/bjz/gl-rs.git#9919f1d56b4c2dd51359b17d38a7ec52d1f4d589)",
]

[[package]]
name = "gfx_macros"
version = "0.1.0"
source = "git+https://github.com/gfx-rs/gfx-rs#eb7a628a8f189cc06681dddd205d3bd04dc88a84"

[[package]]
name = "gl_generator"
version = "0.0.1"
source = "git+https://github.com/bjz/gl-rs.git#9919f1d56b4c2dd51359b17d38a7ec52d1f4d589"
dependencies = [
 "khronos_api 0.0.1 (git+https://github.com/bjz/gl-rs.git#9919f1d56b4c2dd51359b17d38a7ec52d1f4d589)",
 "rust-xml 0.1.0 (git+https://github.com/netvl/rust-xml#ffd68eb2b4ba4ec34be1d9772e193e90727d44f9)",
]

[[package]]
name = "glfw"
version = "0.0.1"
source = "git+https://github.com/bjz/glfw-rs.git#16f8b1c725e153bc4ff11e0a210e8896ceee4710"
dependencies = [
 "glfw-sys 3.0.4 (git+https://github.com/servo/glfw?ref=cargo-3.0.4#65a2b4721276589d9de24f6a9999a2db37286cae)",
 "semver 0.1.0 (git+https://github.com/rust-lang/semver#5dee918159d4e3d84c1ee54cf6a5305e6f7bd557)",
]

[[package]]
name = "glfw-sys"
version = "3.0.4"
source = "git+https://github.com/servo/glfw?ref=cargo-3.0.4#65a2b4721276589d9de24f6a9999a2db37286cae"

[[package]]
name = "khronos_api"
version = "0.0.1"
source = "git+https://github.com/bjz/gl-rs.git#9919f1d56b4c2dd51359b17d38a7ec52d1f4d589"

[[package]]
name = "net"
version = "0.1.0"

[[package]]
name = "platform"
version = "0.1.0"
dependencies = [
 "game 0.1.0",
]

[[package]]
name = "platform_cli"
version = "0.1.0"
dependencies = [
 "platform 0.1.0",
]

[[package]]
name = "platform_desktop"
version = "0.1.0"
dependencies = [
 "cgmath 0.0.1 (git+https://github.com/bjz/cgmath-rs.git#d2053a8366b65606b57150757f9bcd6531e82f18)",
 "freetype-rs 0.0.0 (git+https://github.com/PistonDevelopers/freetype-rs.git#5313a1d112ce517039c6120f714210f1a3e21542)",
 "gfx 0.1.0 (git+https://github.com/gfx-rs/gfx-rs#eb7a628a8f189cc06681dddd205d3bd04dc88a84)",
 "glfw 0.0.1 (git+https://github.com/bjz/glfw-rs.git#16f8b1c725e153bc4ff11e0a210e8896ceee4710)",
 "platform 0.1.0",
 "stb_image 0.1.0 (git+https://github.com/servo/rust-stb-image.git#f5022de4ad6bb474a03493d1f274dde9b0f1af0c)",
]

[[package]]
name = "protocol"
version = "0.1.0"
dependencies = [
 "cgmath 0.0.1 (git+https://github.com/bjz/cgmath-rs.git#d2053a8366b65606b57150757f9bcd6531e82f18)",
]

[[package]]
name = "render"
version = "0.1.0"
source = "git+https://github.com/gfx-rs/gfx-rs#eb7a628a8f189cc06681dddd205d3bd04dc88a84"
dependencies = [
 "device 0.1.0 (git+https://github.com/gfx-rs/gfx-rs#eb7a628a8f189cc06681dddd205d3bd04dc88a84)",
]

[[package]]
name = "rust-xml"
version = "0.1.0"
source = "git+https://github.com/netvl/rust-xml#ffd68eb2b4ba4ec34be1d9772e193e90727d44f9"

[[package]]
name = "rustecs"
version = "0.1.0"
source = "git+https://github.com/hannobraun/rustecs.git#8264f95fbc4f9275b910ee48732279b4925480cb"
dependencies = [
 "rustecs_macros 0.1.0 (git+https://github.com/hannobraun/rustecs.git#8264f95fbc4f9275b910ee48732279b4925480cb)",
]

[[package]]
name = "rustecs_macros"
version = "0.1.0"
source = "git+https://github.com/hannobraun/rustecs.git#8264f95fbc4f9275b910ee48732279b4925480cb"

[[package]]
name = "semver"
version = "0.1.0"
source = "git+https://github.com/rust-lang/semver#5dee918159d4e3d84c1ee54cf6a5305e6f7bd557"

[[package]]
name = "stb_image"
version = "0.1.0"
source = "git+https://github.com/servo/rust-stb-image.git#f5022de4ad6bb474a03493d1f274dde9b0f1af0c"

[[package]]
name = "test_infra"
version = "0.1.0"

[[package]]
name = "test_tools"
version = "0.1.0"
dependencies = [
 "game 0.1.0",
 "game_service 0.1.0",
 "platform 0.1.0",
 "protocol 0.1.0",
 "test_infra 0.1.0",
]

