[root]
name = "rocks"
version = "0.1.0"
dependencies = [
 "acceptance 0.1.0",
 "hyper 0.0.1 (git+https://github.com/hyperium/hyper.git#19045a23766f462c65b8eb1838dac098da61e15c)",
 "iron 0.0.1 (git+https://github.com/iron/iron.git#f7edddd634b97d3150d92db88911472f27d95493)",
 "static_file 0.1.0 (git+https://github.com/hannobraun/static-file.git#e03840759ead5c9126a757a687e5252c69b8e5d2)",
 "toml 0.1.0 (git+https://github.com/alexcrichton/toml-rs#8a3ba4c65cfa22a3d924293a1fb3a70bfac5e66c)",
]

[[package]]
name = "acceptance"
version = "0.1.0"

[[package]]
name = "content_type"
version = "0.1.0"
source = "git+https://github.com/reem/rust-http-content-type.git#6f656bbe66ed2c21dc362311539f4be0cb732802"
dependencies = [
 "generator 0.1.0 (git+https://github.com/reem/rust-http-content-type.git#6f656bbe66ed2c21dc362311539f4be0cb732802)",
 "http 0.1.0-pre (git+https://github.com/chris-morgan/rust-http.git#ba43e05a5abdcc62b4a04b6a7fd6c634a8a4605a)",
 "phf 0.0.0 (git+https://github.com/sfackler/rust-phf.git#996edc690403b57e9a11ee3fb920a5f5c6dc9aef)",
]

[[package]]
name = "encoding"
version = "0.1.0"
source = "git+https://github.com/lifthrasiir/rust-encoding#dd6183298e20b038fcd1cc4ab91405b3c72e49db"

[[package]]
name = "error"
version = "0.0.0"
source = "git+https://github.com/reem/rust-error.git#7d34ac82b61f1c6ecc610adba25d052660e05431"
dependencies = [
 "typeable 0.0.1 (git+https://github.com/reem/rust-typeable#55154e1809db8ceec8f8519bdbb638c2fbd712f5)",
]

[[package]]
name = "generator"
version = "0.1.0"
source = "git+https://github.com/reem/rust-http-content-type.git#6f656bbe66ed2c21dc362311539f4be0cb732802"
dependencies = [
 "http 0.1.0-pre (git+https://github.com/chris-morgan/rust-http.git#ba43e05a5abdcc62b4a04b6a7fd6c634a8a4605a)",
 "phf_mac 0.0.0 (git+https://github.com/sfackler/rust-phf.git#996edc690403b57e9a11ee3fb920a5f5c6dc9aef)",
 "url 0.1.0 (git+https://github.com/servo/rust-url#7f1991d847fb8cf8648def2ff121bae90b89131f)",
]

[[package]]
name = "http"
version = "0.1.0-pre"
source = "git+https://github.com/chris-morgan/rust-http.git#ba43e05a5abdcc62b4a04b6a7fd6c634a8a4605a"
dependencies = [
 "openssl 0.0.0 (git+https://github.com/sfackler/rust-openssl#6277635e5c579c5842fc5f921a3b27a544a7b346)",
 "url 0.1.0 (git+https://github.com/servo/rust-url#7f1991d847fb8cf8648def2ff121bae90b89131f)",
]

[[package]]
name = "hyper"
version = "0.0.1"
source = "git+https://github.com/hyperium/hyper.git#19045a23766f462c65b8eb1838dac098da61e15c"
dependencies = [
 "intertwine 0.0.1 (git+https://github.com/reem/rust-intertwine#3b23760cf7da3c7f38db16bf488c88f6e506de2d)",
 "mime 0.0.1 (git+https://github.com/seanmonstar/mime.rs#e2a6bcf5029a33f12a77387da9000e6106c0d2fe)",
 "move-acceptor 0.0.1 (git+https://github.com/reem/rust-move-acceptor#4eef9c13745db3da74c22a26b659dc054aec5500)",
 "openssl 0.0.0 (git+https://github.com/sfackler/rust-openssl#6277635e5c579c5842fc5f921a3b27a544a7b346)",
 "typeable 0.0.1 (git+https://github.com/reem/rust-typeable#55154e1809db8ceec8f8519bdbb638c2fbd712f5)",
 "unsafe-any 0.1.0 (git+https://github.com/reem/rust-unsafe-any#75cff194795447a901c1658e31629899c9c8d52f)",
 "url 0.1.0 (git+https://github.com/servo/rust-url#7f1991d847fb8cf8648def2ff121bae90b89131f)",
]

[[package]]
name = "intertwine"
version = "0.0.1"
source = "git+https://github.com/reem/rust-intertwine#3b23760cf7da3c7f38db16bf488c88f6e506de2d"

[[package]]
name = "iron"
version = "0.0.1"
source = "git+https://github.com/iron/iron.git#f7edddd634b97d3150d92db88911472f27d95493"
dependencies = [
 "content_type 0.1.0 (git+https://github.com/reem/rust-http-content-type.git#6f656bbe66ed2c21dc362311539f4be0cb732802)",
 "error 0.0.0 (git+https://github.com/reem/rust-error.git#7d34ac82b61f1c6ecc610adba25d052660e05431)",
 "http 0.1.0-pre (git+https://github.com/chris-morgan/rust-http.git#ba43e05a5abdcc62b4a04b6a7fd6c634a8a4605a)",
 "plugin 0.0.0 (git+https://github.com/reem/rust-plugin.git#19b97b79ed3fb291cd6d454058c906e33017a0b6)",
 "replace-map 0.0.1 (git+https://github.com/reem/rust-replace-map.git#140217a7ac616625b72ffe62fe4a53f0e1b9cc41)",
 "typemap 0.0.0 (git+https://github.com/reem/rust-typemap.git#895f26e24cfb7be08920895f7c549970b81a9586)",
 "url 0.1.0 (git+https://github.com/servo/rust-url#7f1991d847fb8cf8648def2ff121bae90b89131f)",
]

[[package]]
name = "iron-test"
version = "0.0.1"
source = "git+https://github.com/reem/iron-test#7f0fa20bf0391f2d2aab4d5cc0d13d54c48780d8"
dependencies = [
 "http 0.1.0-pre (git+https://github.com/chris-morgan/rust-http.git#ba43e05a5abdcc62b4a04b6a7fd6c634a8a4605a)",
 "iron 0.0.1 (git+https://github.com/iron/iron.git#f7edddd634b97d3150d92db88911472f27d95493)",
 "uuid 0.0.1 (git+https://github.com/rust-lang/uuid#c6159089a491ff4398c6d423263a085c95092a04)",
]

[[package]]
name = "mime"
version = "0.0.1"
source = "git+https://github.com/seanmonstar/mime.rs#e2a6bcf5029a33f12a77387da9000e6106c0d2fe"

[[package]]
name = "mount"
version = "0.1.0"
source = "git+https://github.com/iron/mount.git#940ee82b14f6ab87ffcffda155f0f3c775c83ab4"
dependencies = [
 "iron 0.0.1 (git+https://github.com/iron/iron.git#f7edddd634b97d3150d92db88911472f27d95493)",
 "trie 0.0.1 (git+https://github.com/michaelsproul/rust-generic-trie.git#e90b73c5600b4de48a119ace9136658fa7079e41)",
 "typemap 0.0.0 (git+https://github.com/reem/rust-typemap.git#895f26e24cfb7be08920895f7c549970b81a9586)",
]

[[package]]
name = "move-acceptor"
version = "0.0.1"
source = "git+https://github.com/reem/rust-move-acceptor#4eef9c13745db3da74c22a26b659dc054aec5500"

[[package]]
name = "openssl"
version = "0.0.0"
source = "git+https://github.com/sfackler/rust-openssl#6277635e5c579c5842fc5f921a3b27a544a7b346"

[[package]]
name = "phantom"
version = "0.0.0"
source = "git+https://github.com/reem/rust-phantom.git#deb5acfed56d485bcb2d498da51477a12cb081c3"

[[package]]
name = "phf"
version = "0.0.0"
source = "git+https://github.com/sfackler/rust-phf.git#996edc690403b57e9a11ee3fb920a5f5c6dc9aef"

[[package]]
name = "phf_mac"
version = "0.0.0"
source = "git+https://github.com/sfackler/rust-phf.git#996edc690403b57e9a11ee3fb920a5f5c6dc9aef"

[[package]]
name = "plugin"
version = "0.0.0"
source = "git+https://github.com/reem/rust-plugin.git#19b97b79ed3fb291cd6d454058c906e33017a0b6"
dependencies = [
 "phantom 0.0.0 (git+https://github.com/reem/rust-phantom.git#deb5acfed56d485bcb2d498da51477a12cb081c3)",
 "typemap 0.0.0 (git+https://github.com/reem/rust-typemap.git#895f26e24cfb7be08920895f7c549970b81a9586)",
]

[[package]]
name = "replace-map"
version = "0.0.1"
source = "git+https://github.com/reem/rust-replace-map.git#140217a7ac616625b72ffe62fe4a53f0e1b9cc41"

[[package]]
name = "static_file"
version = "0.1.0"
source = "git+https://github.com/hannobraun/static-file.git#e03840759ead5c9126a757a687e5252c69b8e5d2"
dependencies = [
 "iron 0.0.1 (git+https://github.com/iron/iron.git#f7edddd634b97d3150d92db88911472f27d95493)",
 "iron-test 0.0.1 (git+https://github.com/reem/iron-test#7f0fa20bf0391f2d2aab4d5cc0d13d54c48780d8)",
 "mount 0.1.0 (git+https://github.com/iron/mount.git#940ee82b14f6ab87ffcffda155f0f3c775c83ab4)",
]

[[package]]
name = "toml"
version = "0.1.0"
source = "git+https://github.com/alexcrichton/toml-rs#8a3ba4c65cfa22a3d924293a1fb3a70bfac5e66c"

[[package]]
name = "trie"
version = "0.0.1"
source = "git+https://github.com/michaelsproul/rust-generic-trie.git#e90b73c5600b4de48a119ace9136658fa7079e41"

[[package]]
name = "typeable"
version = "0.0.1"
source = "git+https://github.com/reem/rust-typeable#55154e1809db8ceec8f8519bdbb638c2fbd712f5"

[[package]]
name = "typemap"
version = "0.0.0"
source = "git+https://github.com/reem/rust-typemap.git#895f26e24cfb7be08920895f7c549970b81a9586"
dependencies = [
 "phantom 0.0.0 (git+https://github.com/reem/rust-phantom.git#deb5acfed56d485bcb2d498da51477a12cb081c3)",
 "unsafe-any 0.1.0 (git+https://github.com/reem/rust-unsafe-any#75cff194795447a901c1658e31629899c9c8d52f)",
]

[[package]]
name = "unsafe-any"
version = "0.1.0"
source = "git+https://github.com/reem/rust-unsafe-any#75cff194795447a901c1658e31629899c9c8d52f"

[[package]]
name = "url"
version = "0.1.0"
source = "git+https://github.com/servo/rust-url#7f1991d847fb8cf8648def2ff121bae90b89131f"
dependencies = [
 "encoding 0.1.0 (git+https://github.com/lifthrasiir/rust-encoding#dd6183298e20b038fcd1cc4ab91405b3c72e49db)",
]

[[package]]
name = "uuid"
version = "0.0.1"
source = "git+https://github.com/rust-lang/uuid#c6159089a491ff4398c6d423263a085c95092a04"

